<?xml version="1.0" encoding="utf-8"?>
<Project ToolsVersion="4.0" xmlns="http://schemas.microsoft.com/developer/msbuild/2003">
  <ItemGroup>
    <Filter Include="Source Files">
      <UniqueIdentifier>{4FC737F1-C7A5-4376-A066-2A32D752A2FF}</UniqueIdentifier>
      <Extensions>cpp;c;cc;cxx;def;odl;idl;hpj;bat;asm;asmx</Extensions>
    </Filter>
    <Filter Include="Header Files">
      <UniqueIdentifier>{93995380-89BD-4b04-88EB-625FBE52EBFB}</UniqueIdentifier>
      <Extensions>h;hh;hpp;hxx;hm;inl;inc;ipp;xsd</Extensions>
    </Filter>
    <Filter Include="Resource Files">
      <UniqueIdentifier>{67DA6AB6-F800-4c08-8B7A-83BB121AAD01}</UniqueIdentifier>
      <Extensions>rc;ico;cur;bmp;dlg;rc2;rct;bin;rgs;gif;jpg;jpeg;jpe;resx;tiff;tif;png;wav;mfcribbon-ms</Extensions>
    </Filter>
    <Filter Include="Source Files\States">
      <UniqueIdentifier>{05bfff0d-d8da-46b9-a3bc-ff3bd47715b5}</UniqueIdentifier>
    </Filter>
    <Filter Include="Header Files\States">
      <UniqueIdentifier>{ae12ff13-da0b-4886-ba88-f2b6f8e57ef4}</UniqueIdentifier>
    </Filter>
    <Filter Include="Header Files\Menu Components">
      <UniqueIdentifier>{f5573c38-5998-4873-a935-5f0e93a7521b}</UniqueIdentifier>
    </Filter>
    <Filter Include="Source Files\Menu Components">
      <UniqueIdentifier>{902b3bf3-ce1d-4e5b-a962-af4f5b038483}</UniqueIdentifier>
    </Filter>
    <Filter Include="Source Files\Levels">
      <UniqueIdentifier>{eee5fafc-8eca-41c8-b421-68a3ff99d281}</UniqueIdentifier>
    </Filter>
    <Filter Include="Header Files\Levels">
      <UniqueIdentifier>{60553b79-eb36-4fdb-bae9-6ad68b9674d9}</UniqueIdentifier>
    </Filter>
    <Filter Include="Header Files\ECS">
      <UniqueIdentifier>{cf609ef7-6320-4aab-b2f2-160c8d8e7b1b}</UniqueIdentifier>
    </Filter>
    <Filter Include="Header Files\Components">
      <UniqueIdentifier>{b9a69ba3-4d04-4a4a-b49b-8cc0d3b3e96b}</UniqueIdentifier>
    </Filter>
    <Filter Include="Header Files\Systems">
      <UniqueIdentifier>{69afb966-304b-4359-849c-e70ac1c973ff}</UniqueIdentifier>
    </Filter>
    <Filter Include="Header Files\PlayerFSM">
      <UniqueIdentifier>{ee6a6ab7-ad2e-43f9-841d-84597abf566b}</UniqueIdentifier>
    </Filter>
    <Filter Include="Source Files\PlayerFSM">
      <UniqueIdentifier>{0329cb77-8757-40e7-b285-1feee26fda73}</UniqueIdentifier>
    </Filter>
  </ItemGroup>
  <ItemGroup>
    <ClCompile Include="main.cpp">
      <Filter>Source Files</Filter>
    </ClCompile>
    <ClCompile Include="Game.cpp">
      <Filter>Source Files</Filter>
    </ClCompile>
    <ClCompile Include="MenuState.cpp">
      <Filter>Source Files\States</Filter>
    </ClCompile>
    <ClCompile Include="PlayState.cpp">
      <Filter>Source Files\States</Filter>
    </ClCompile>
    <ClCompile Include="GameStateMachine.cpp">
      <Filter>Source Files\States</Filter>
    </ClCompile>
    <ClCompile Include="MenuButton.cpp">
      <Filter>Source Files\Menu Components</Filter>
    </ClCompile>
    <ClCompile Include="Renderer.cpp">
      <Filter>Source Files</Filter>
    </ClCompile>
    <ClCompile Include="Map.cpp">
      <Filter>Source Files</Filter>
    </ClCompile>
    <ClCompile Include="Room.cpp">
      <Filter>Source Files</Filter>
    </ClCompile>
    <ClCompile Include="Tile.cpp">
      <Filter>Source Files</Filter>
    </ClCompile>
    <ClCompile Include="LevelLoader.cpp">
      <Filter>Source Files</Filter>
    </ClCompile>
    <ClCompile Include="OptionsState.cpp">
      <Filter>Source Files\States</Filter>
    </ClCompile>
    <ClCompile Include="CharacterSelectState.cpp">
      <Filter>Source Files\States</Filter>
    </ClCompile>
    <ClCompile Include="CreditsState.cpp">
      <Filter>Source Files\States</Filter>
    </ClCompile>
    <ClCompile Include="EndState.cpp">
      <Filter>Source Files\States</Filter>
    </ClCompile>
    <ClCompile Include="Data.cpp">
      <Filter>Source Files</Filter>
    </ClCompile>
    <ClCompile Include="Pickup.cpp">
      <Filter>Source Files</Filter>
    </ClCompile>
    <ClCompile Include="HostSearchState.cpp">
      <Filter>Source Files\States</Filter>
    </ClCompile>
    <ClCompile Include="Client.cpp">
      <Filter>Source Files</Filter>
    </ClCompile>
    <ClCompile Include="ClientGetterMethods.cpp">
      <Filter>Source Files</Filter>
    </ClCompile>
    <ClCompile Include="SendGetMethods.cpp">
      <Filter>Source Files</Filter>
    </ClCompile>
    <ClCompile Include="Server.cpp">
      <Filter>Source Files</Filter>
    </ClCompile>
    <ClCompile Include="HighScoreState.cpp">
      <Filter>Source Files\States</Filter>
    </ClCompile>
    <ClCompile Include="Walking.cpp">
      <Filter>Source Files\PlayerFSM</Filter>
    </ClCompile>
    <ClCompile Include="SkillTwo.cpp">
      <Filter>Source Files\PlayerFSM</Filter>
    </ClCompile>
    <ClCompile Include="SkillThree.cpp">
      <Filter>Source Files\PlayerFSM</Filter>
    </ClCompile>
    <ClCompile Include="SkillOne.cpp">
      <Filter>Source Files\PlayerFSM</Filter>
    </ClCompile>
    <ClCompile Include="Idle.cpp">
      <Filter>Source Files\PlayerFSM</Filter>
    </ClCompile>
    <ClCompile Include="FSM.cpp">
      <Filter>Source Files\PlayerFSM</Filter>
    </ClCompile>
    <ClCompile Include="HUD.cpp">
      <Filter>Source Files</Filter>
    </ClCompile>
    <ClCompile Include="EnemyEasy.cpp">
      <Filter>Source Files</Filter>
    </ClCompile>
    <ClCompile Include="EnemyHard.cpp">
      <Filter>Source Files</Filter>
    </ClCompile>
    <ClCompile Include="EnemyMedium.cpp">
      <Filter>Source Files</Filter>
    </ClCompile>
    <ClCompile Include="FactoryEnemy.cpp">
      <Filter>Source Files</Filter>
    </ClCompile>
    <ClCompile Include="IEnemy.cpp">
      <Filter>Source Files</Filter>
    </ClCompile>
    <ClCompile Include="FactoryPlayer.cpp">
      <Filter>Source Files</Filter>
    </ClCompile>
    <ClCompile Include="IPlayer.cpp">
      <Filter>Source Files</Filter>
    </ClCompile>
    <ClCompile Include="Warrior.cpp">
      <Filter>Source Files</Filter>
    </ClCompile>
    <ClCompile Include="Mage.cpp">
      <Filter>Source Files</Filter>
    </ClCompile>
    <ClCompile Include="Knight.cpp">
      <Filter>Source Files</Filter>
    </ClCompile>
    <ClCompile Include="Audio.cpp">
      <Filter>Source Files</Filter>
    </ClCompile>
  </ItemGroup>
  <ItemGroup>
    <ClInclude Include="Game.h">
      <Filter>Header Files</Filter>
    </ClInclude>
    <ClInclude Include="GameState.h">
      <Filter>Header Files\States</Filter>
    </ClInclude>
    <ClInclude Include="MenuState.h">
      <Filter>Header Files\States</Filter>
    </ClInclude>
    <ClInclude Include="PlayState.h">
      <Filter>Header Files\States</Filter>
    </ClInclude>
    <ClInclude Include="GameStateMachine.h">
      <Filter>Header Files\States</Filter>
    </ClInclude>
    <ClInclude Include="MenuButton.h">
      <Filter>Header Files\Menu Components</Filter>
    </ClInclude>
    <ClInclude Include="Entity.h">
      <Filter>Header Files\ECS</Filter>
    </ClInclude>
    <ClInclude Include="Component.h">
      <Filter>Header Files\ECS</Filter>
    </ClInclude>
    <ClInclude Include="System.h">
      <Filter>Header Files\ECS</Filter>
    </ClInclude>
    <ClInclude Include="PositionComponent.h">
      <Filter>Header Files\Components</Filter>
    </ClInclude>
    <ClInclude Include="SpriteComponent.h">
      <Filter>Header Files\Components</Filter>
    </ClInclude>
    <ClInclude Include="Vector2.h">
      <Filter>Header Files</Filter>
    </ClInclude>
    <ClInclude Include="HealthComponent.h">
      <Filter>Header Files\Components</Filter>
    </ClInclude>
    <ClInclude Include="ManaComponent.h">
      <Filter>Header Files\Components</Filter>
    </ClInclude>
    <ClInclude Include="StaminaComponent.h">
      <Filter>Header Files\Components</Filter>
    </ClInclude>
    <ClInclude Include="StatsComponent.h">
      <Filter>Header Files\Components</Filter>
    </ClInclude>
    <ClInclude Include="Renderer.h">
      <Filter>Header Files</Filter>
    </ClInclude>
    <ClInclude Include="BehaviourSystem.h">
      <Filter>Header Files\Systems</Filter>
    </ClInclude>
    <ClInclude Include="Map.h">
      <Filter>Header Files</Filter>
    </ClInclude>
    <ClInclude Include="Room.h">
      <Filter>Header Files</Filter>
    </ClInclude>
    <ClInclude Include="Tile.h">
      <Filter>Header Files</Filter>
    </ClInclude>
    <ClInclude Include="CollisionSystem.h">
      <Filter>Header Files\Systems</Filter>
    </ClInclude>
    <ClInclude Include="CommandSystem.h">
      <Filter>Header Files\Systems</Filter>
    </ClInclude>
    <ClInclude Include="LevelLoader.h">
      <Filter>Header Files</Filter>
    </ClInclude>
    <ClInclude Include="OptionsState.h">
      <Filter>Header Files\States</Filter>
    </ClInclude>
    <ClInclude Include="CharacterSelectState.h">
      <Filter>Header Files\States</Filter>
    </ClInclude>
    <ClInclude Include="CreditsState.h">
      <Filter>Header Files\States</Filter>
    </ClInclude>
    <ClInclude Include="EndState.h">
      <Filter>Header Files\States</Filter>
    </ClInclude>
    <ClInclude Include="Data.h">
      <Filter>Header Files</Filter>
    </ClInclude>
    <ClInclude Include="ECS.h">
      <Filter>Header Files\ECS</Filter>
    </ClInclude>
    <ClInclude Include="Pickup.h">
      <Filter>Header Files</Filter>
    </ClInclude>
    <ClInclude Include="ActiveComponent.h">
      <Filter>Header Files\Components</Filter>
    </ClInclude>
    <ClInclude Include="ItemComponent.h">
      <Filter>Header Files</Filter>
    </ClInclude>
    <ClInclude Include="Server.h">
      <Filter>Header Files</Filter>
    </ClInclude>
    <ClInclude Include="HighScoreState.h">
      <Filter>Header Files\States</Filter>
    </ClInclude>
    <ClInclude Include="HostSearchState.h">
      <Filter>Header Files\States</Filter>
    </ClInclude>
    <ClInclude Include="FSM.h">
      <Filter>Header Files\PlayerFSM</Filter>
    </ClInclude>
    <ClInclude Include="FiniteState.h">
      <Filter>Header Files\PlayerFSM</Filter>
    </ClInclude>
    <ClInclude Include="Idle.h">
      <Filter>Header Files\PlayerFSM</Filter>
    </ClInclude>
    <ClInclude Include="SkillOne.h">
      <Filter>Header Files\PlayerFSM</Filter>
    </ClInclude>
    <ClInclude Include="SkillThree.h">
      <Filter>Header Files\PlayerFSM</Filter>
    </ClInclude>
    <ClInclude Include="SkillTwo.h">
      <Filter>Header Files\PlayerFSM</Filter>
    </ClInclude>
    <ClInclude Include="Walking.h">
      <Filter>Header Files\PlayerFSM</Filter>
    </ClInclude>
    <ClInclude Include="BehaviourComponent.h">
      <Filter>Header Files\Components</Filter>
    </ClInclude>
    <ClInclude Include="ItemComponent.h">
      <Filter>Header Files\Components</Filter>
    </ClInclude>
    <ClInclude Include="HUD.h">
      <Filter>Header Files</Filter>
    </ClInclude>
    <ClInclude Include="RenderSystem.h">
      <Filter>Header Files</Filter>
    </ClInclude>
    <ClInclude Include="EnemyEasy.h">
      <Filter>Header Files</Filter>
    </ClInclude>
    <ClInclude Include="EnemyHard.h">
      <Filter>Header Files</Filter>
    </ClInclude>
    <ClInclude Include="EnemyMedium.h">
      <Filter>Header Files</Filter>
    </ClInclude>
    <ClInclude Include="FactoryEnemy.h">
      <Filter>Header Files</Filter>
    </ClInclude>
    <ClInclude Include="IEnemy.h">
      <Filter>Header Files</Filter>
    </ClInclude>
    <ClInclude Include="FactoryPlayer.h">
      <Filter>Header Files</Filter>
    </ClInclude>
    <ClInclude Include="IPlayer.h">
      <Filter>Header Files</Filter>
    </ClInclude>
    <ClInclude Include="Warrior.h">
      <Filter>Header Files</Filter>
    </ClInclude>
    <ClInclude Include="Mage.h">
      <Filter>Header Files</Filter>
    </ClInclude>
    <ClInclude Include="Knight.h">
      <Filter>Header Files</Filter>
    </ClInclude>
    <ClInclude Include="Client.h">
      <Filter>Header Files\Systems</Filter>
    <ClInclude>
    <ClInclude Include="Audio.h">
      <Filter>Header Files</Filter>
    </ClInclude>
  </ItemGroup>
  <ItemGroup>
    <Filter Include="Resource Files">
      <UniqueIdentifier>{33c71543-98c2-40bd-b7dd-1070343f9099}</UniqueIdentifier>
    </Filter>
    <Filter Include="Header Files">
      <UniqueIdentifier>{612fec7c-15c0-401d-95fe-32b613c718a4}</UniqueIdentifier>
    </Filter>
    <Filter Include="Source Files">
      <UniqueIdentifier>{a7ae93f1-c197-4e0e-a356-2d93cd4e8eec}</UniqueIdentifier>
    </Filter>
    <Filter Include="Header Files\Components">
      <UniqueIdentifier>{28364614-2dc2-4819-9fab-9c36014a927a}</UniqueIdentifier>
    </Filter>
    <Filter Include="Header Files\ECS">
      <UniqueIdentifier>{95128e96-a70c-410c-80e8-c17d139a9d88}</UniqueIdentifier>
    </Filter>
    <Filter Include="Header Files\Levels">
      <UniqueIdentifier>{59b58f72-b1a5-4bb3-ae9b-f2ce51aa2216}</UniqueIdentifier>
    </Filter>
    <Filter Include="Header Files\States">
      <UniqueIdentifier>{9e3a012a-3bb3-4a0f-95f3-4f993f0a12af}</UniqueIdentifier>
    </Filter>
    <Filter Include="Header Files\System">
      <UniqueIdentifier>{e1b8409e-b544-4e9e-bed2-f4a883e489ce}</UniqueIdentifier>
    </Filter>
    <Filter Include="Source Files\Levels">
      <UniqueIdentifier>{9d881ab7-31ac-4abb-809b-96b1255169d2}</UniqueIdentifier>
    </Filter>
    <Filter Include="Source Files\Menu Components">
      <UniqueIdentifier>{6ded5f6f-e757-42eb-94e5-a8f3727ba461}</UniqueIdentifier>
    </Filter>
    <Filter Include="Source Files\States">
      <UniqueIdentifier>{de41d2c2-5649-4495-a758-f53bb06eca0a}</UniqueIdentifier>
    </Filter>
  </ItemGroup>
</Project>