<?xml version="1.0" encoding="utf-8"?>
<Project ToolsVersion="4.0" xmlns="http://schemas.microsoft.com/developer/msbuild/2003">
  <ItemGroup>
    <Filter Include="Source Files">
      <UniqueIdentifier>{4FC737F1-C7A5-4376-A066-2A32D752A2FF}</UniqueIdentifier>
      <Extensions>cpp;c;cc;cxx;def;odl;idl;hpj;bat;asm;asmx</Extensions>
    </Filter>
    <Filter Include="Header Files">
      <UniqueIdentifier>{93995380-89BD-4b04-88EB-625FBE52EBFB}</UniqueIdentifier>
      <Extensions>h;hh;hpp;hxx;hm;inl;inc;ipp;xsd</Extensions>
    </Filter>
    <Filter Include="Resource Files">
      <UniqueIdentifier>{67DA6AB6-F800-4c08-8B7A-83BB121AAD01}</UniqueIdentifier>
      <Extensions>rc;ico;cur;bmp;dlg;rc2;rct;bin;rgs;gif;jpg;jpeg;jpe;resx;tiff;tif;png;wav;mfcribbon-ms</Extensions>
    </Filter>
    <Filter Include="Source Files\States">
      <UniqueIdentifier>{05bfff0d-d8da-46b9-a3bc-ff3bd47715b5}</UniqueIdentifier>
    </Filter>
    <Filter Include="Header Files\States">
      <UniqueIdentifier>{ae12ff13-da0b-4886-ba88-f2b6f8e57ef4}</UniqueIdentifier>
    </Filter>
    <Filter Include="Header Files\Menu Components">
      <UniqueIdentifier>{f5573c38-5998-4873-a935-5f0e93a7521b}</UniqueIdentifier>
    </Filter>
    <Filter Include="Source Files\Menu Components">
      <UniqueIdentifier>{902b3bf3-ce1d-4e5b-a962-af4f5b038483}</UniqueIdentifier>
    </Filter>
    <Filter Include="Header Files\ECS">
      <UniqueIdentifier>{cf609ef7-6320-4aab-b2f2-160c8d8e7b1b}</UniqueIdentifier>
    </Filter>
    <Filter Include="Header Files\Components">
      <UniqueIdentifier>{b9a69ba3-4d04-4a4a-b49b-8cc0d3b3e96b}</UniqueIdentifier>
    </Filter>
    <Filter Include="Header Files\Systems">
      <UniqueIdentifier>{69afb966-304b-4359-849c-e70ac1c973ff}</UniqueIdentifier>
    </Filter>
    <Filter Include="Header Files\PlayerFSM">
      <UniqueIdentifier>{ee6a6ab7-ad2e-43f9-841d-84597abf566b}</UniqueIdentifier>
    </Filter>
    <Filter Include="Source Files\PlayerFSM">
      <UniqueIdentifier>{0329cb77-8757-40e7-b285-1feee26fda73}</UniqueIdentifier>
    </Filter>
    <Filter Include="Header Files\Enemies">
      <UniqueIdentifier>{36a6e477-37a4-43ba-93c1-530a5916be62}</UniqueIdentifier>
    </Filter>
    <Filter Include="Source Files\Enemies">
      <UniqueIdentifier>{e92e9eb8-45f5-46f4-baa5-a71343ef85e9}</UniqueIdentifier>
    </Filter>
    <Filter Include="Header Files\Classes + Player">
      <UniqueIdentifier>{1a79cd53-10a9-41a9-90a6-1f9a03b322f7}</UniqueIdentifier>
    </Filter>
    <Filter Include="Source Files\Classes + Player">
      <UniqueIdentifier>{4ad24e11-9cb8-4c2b-8bde-fe6792f9d4fe}</UniqueIdentifier>
    </Filter>
    <Filter Include="Header Files\Map">
      <UniqueIdentifier>{616d04f1-ae17-4178-9605-f710eabd2b4a}</UniqueIdentifier>
    </Filter>
    <Filter Include="Source Files\Map">
      <UniqueIdentifier>{097f8bc5-7cbd-4ede-8f5a-76d5f29b8a52}</UniqueIdentifier>
    </Filter>
    <Filter Include="Header Files\Networking">
      <UniqueIdentifier>{3739ba6f-10f9-4b89-a830-44a156846d40}</UniqueIdentifier>
    </Filter>
    <Filter Include="Source Files\Networking">
      <UniqueIdentifier>{f0fbb12a-573e-40f8-a85d-a4db4d2ad9ce}</UniqueIdentifier>
    </Filter>
    <Filter Include="Header Files\UI">
      <UniqueIdentifier>{a10e755d-3aa0-4d9f-8574-86556fc418a2}</UniqueIdentifier>
    </Filter>
    <Filter Include="Source Files\UI">
      <UniqueIdentifier>{d3f38fd1-680d-4c77-b3d2-262e65fe5262}</UniqueIdentifier>
    </Filter>
    <Filter Include="Source Files\Other Systems">
      <UniqueIdentifier>{dfaf6516-787e-4bf9-af81-9fdd94b7d564}</UniqueIdentifier>
    </Filter>
    <Filter Include="Header Files\Other Systems">
      <UniqueIdentifier>{b6c3f487-5f4f-4a4c-b3b9-afea75df8226}</UniqueIdentifier>
    </Filter>
    <Filter Include="Header Files\In-game objects">
      <UniqueIdentifier>{c8458dee-9265-4978-8e7c-40ed9c0bb462}</UniqueIdentifier>
    </Filter>
    <Filter Include="Source Files\In-game objects">
      <UniqueIdentifier>{34785364-bd6e-4748-acea-08e890e5ac00}</UniqueIdentifier>
    </Filter>
    <Filter Include="Header Files\BT">
      <UniqueIdentifier>{e86acda1-39f8-4379-a0e6-c3794dab691d}</UniqueIdentifier>
    </Filter>
    <Filter Include="Header Files\BT\Behaviours">
      <UniqueIdentifier>{70b5afcc-dca9-4de7-9b55-84724365f819}</UniqueIdentifier>
    </Filter>
  </ItemGroup>
  <ItemGroup>
    <ClCompile Include="main.cpp">
      <Filter>Source Files</Filter>
    </ClCompile>
    <ClCompile Include="Game.cpp">
      <Filter>Source Files</Filter>
    </ClCompile>
    <ClCompile Include="MenuState.cpp">
      <Filter>Source Files\States</Filter>
    </ClCompile>
    <ClCompile Include="PlayState.cpp">
      <Filter>Source Files\States</Filter>
    </ClCompile>
    <ClCompile Include="GameStateMachine.cpp">
      <Filter>Source Files\States</Filter>
    </ClCompile>
    <ClCompile Include="MenuButton.cpp">
      <Filter>Source Files\Menu Components</Filter>
    </ClCompile>
    <ClCompile Include="OptionsState.cpp">
      <Filter>Source Files\States</Filter>
    </ClCompile>
    <ClCompile Include="CharacterSelectState.cpp">
      <Filter>Source Files\States</Filter>
    </ClCompile>
    <ClCompile Include="CreditsState.cpp">
      <Filter>Source Files\States</Filter>
    </ClCompile>
    <ClCompile Include="EndState.cpp">
      <Filter>Source Files\States</Filter>
    </ClCompile>
    <ClCompile Include="HostSearchState.cpp">
      <Filter>Source Files\States</Filter>
    </ClCompile>
    <ClCompile Include="HighScoreState.cpp">
      <Filter>Source Files\States</Filter>
    </ClCompile>
    <ClCompile Include="Walking.cpp">
      <Filter>Source Files\PlayerFSM</Filter>
    </ClCompile>
    <ClCompile Include="SkillTwo.cpp">
      <Filter>Source Files\PlayerFSM</Filter>
    </ClCompile>
    <ClCompile Include="SkillThree.cpp">
      <Filter>Source Files\PlayerFSM</Filter>
    </ClCompile>
    <ClCompile Include="SkillOne.cpp">
      <Filter>Source Files\PlayerFSM</Filter>
    </ClCompile>
    <ClCompile Include="Idle.cpp">
      <Filter>Source Files\PlayerFSM</Filter>
    </ClCompile>
    <ClCompile Include="FSM.cpp">
      <Filter>Source Files\PlayerFSM</Filter>
    </ClCompile>
    <ClCompile Include="IEnemy.cpp">
      <Filter>Source Files\Enemies</Filter>
    </ClCompile>
    <ClCompile Include="EnemyMedium.cpp">
      <Filter>Source Files\Enemies</Filter>
    </ClCompile>
    <ClCompile Include="FactoryEnemy.cpp">
      <Filter>Source Files\Enemies</Filter>
    </ClCompile>
    <ClCompile Include="EnemyHard.cpp">
      <Filter>Source Files\Enemies</Filter>
    </ClCompile>
    <ClCompile Include="EnemyEasy.cpp">
      <Filter>Source Files\Enemies</Filter>
    </ClCompile>
    <ClCompile Include="FactoryPlayer.cpp">
      <Filter>Source Files\Classes + Player</Filter>
    </ClCompile>
    <ClCompile Include="Mage.cpp">
      <Filter>Source Files\Classes + Player</Filter>
    </ClCompile>
    <ClCompile Include="Knight.cpp">
      <Filter>Source Files\Classes + Player</Filter>
    </ClCompile>
    <ClCompile Include="Warrior.cpp">
      <Filter>Source Files\Classes + Player</Filter>
    </ClCompile>
    <ClCompile Include="Tile.cpp">
      <Filter>Source Files\Map</Filter>
    </ClCompile>
    <ClCompile Include="Room.cpp">
      <Filter>Source Files\Map</Filter>
    </ClCompile>
    <ClCompile Include="Map.cpp">
      <Filter>Source Files\Map</Filter>
    </ClCompile>
    <ClCompile Include="IPlayer.cpp">
      <Filter>Source Files\Classes + Player</Filter>
    </ClCompile>
    <ClCompile Include="Server.cpp">
      <Filter>Source Files\Networking</Filter>
    </ClCompile>
    <ClCompile Include="Client.cpp">
      <Filter>Source Files\Networking</Filter>
    </ClCompile>
    <ClCompile Include="ClientGetterMethods.cpp">
      <Filter>Source Files\Networking</Filter>
    </ClCompile>
    <ClCompile Include="SendGetMethods.cpp">
      <Filter>Source Files\Networking</Filter>
    </ClCompile>
    <ClCompile Include="HUD.cpp">
      <Filter>Source Files\UI</Filter>
    </ClCompile>
    <ClCompile Include="Audio.cpp">
      <Filter>Source Files\Other Systems</Filter>
    </ClCompile>
    <ClCompile Include="LevelLoader.cpp">
      <Filter>Source Files\Other Systems</Filter>
    </ClCompile>
    <ClCompile Include="Data.cpp">
      <Filter>Source Files\Other Systems</Filter>
    </ClCompile>
    <ClCompile Include="Particle.cpp">
      <Filter>Source Files\Other Systems</Filter>
    </ClCompile>
    <ClCompile Include="ParticleSystem.cpp">
      <Filter>Source Files\Other Systems</Filter>
    </ClCompile>
    <ClCompile Include="Renderer.cpp">
      <Filter>Source Files\Other Systems</Filter>
    </ClCompile>
    <ClCompile Include="Pickup.cpp">
      <Filter>Source Files\In-game objects</Filter>
    </ClCompile>
    <ClCompile Include="Particle.cpp">
      <Filter>Source Files</Filter>
    </ClCompile>
    <ClCompile Include="ParticleSystem.cpp">
      <Filter>Source Files</Filter>
    </ClCompile>
    <ClCompile Include="Text.cpp">
      <Filter>Source Files\UI</Filter>
    </ClCompile>
    <ClCompile Include="EnemyBoss.cpp">
      <Filter>Source Files\Enemies</Filter>
    </ClCompile>
  </ItemGroup>
  <ItemGroup>
    <ClInclude Include="Game.h">
      <Filter>Header Files</Filter>
    </ClInclude>
    <ClInclude Include="GameState.h">
      <Filter>Header Files\States</Filter>
    </ClInclude>
    <ClInclude Include="MenuState.h">
      <Filter>Header Files\States</Filter>
    </ClInclude>
    <ClInclude Include="PlayState.h">
      <Filter>Header Files\States</Filter>
    </ClInclude>
    <ClInclude Include="GameStateMachine.h">
      <Filter>Header Files\States</Filter>
    </ClInclude>
    <ClInclude Include="MenuButton.h">
      <Filter>Header Files\Menu Components</Filter>
    </ClInclude>
    <ClInclude Include="Entity.h">
      <Filter>Header Files\ECS</Filter>
    </ClInclude>
    <ClInclude Include="Component.h">
      <Filter>Header Files\ECS</Filter>
    </ClInclude>
    <ClInclude Include="System.h">
      <Filter>Header Files\ECS</Filter>
    </ClInclude>
    <ClInclude Include="PositionComponent.h">
      <Filter>Header Files\Components</Filter>
    </ClInclude>
    <ClInclude Include="SpriteComponent.h">
      <Filter>Header Files\Components</Filter>
    </ClInclude>
    <ClInclude Include="Vector2.h">
      <Filter>Header Files</Filter>
    </ClInclude>
    <ClInclude Include="HealthComponent.h">
      <Filter>Header Files\Components</Filter>
    </ClInclude>
    <ClInclude Include="ManaComponent.h">
      <Filter>Header Files\Components</Filter>
    </ClInclude>
    <ClInclude Include="StaminaComponent.h">
      <Filter>Header Files\Components</Filter>
    </ClInclude>
    <ClInclude Include="StatsComponent.h">
      <Filter>Header Files\Components</Filter>
    </ClInclude>
    <ClInclude Include="BehaviourSystem.h">
      <Filter>Header Files\Systems</Filter>
    </ClInclude>
    <ClInclude Include="CollisionSystem.h">
      <Filter>Header Files\Systems</Filter>
    </ClInclude>
    <ClInclude Include="CommandSystem.h">
      <Filter>Header Files\Systems</Filter>
    </ClInclude>
    <ClInclude Include="OptionsState.h">
      <Filter>Header Files\States</Filter>
    </ClInclude>
    <ClInclude Include="CharacterSelectState.h">
      <Filter>Header Files\States</Filter>
    </ClInclude>
    <ClInclude Include="CreditsState.h">
      <Filter>Header Files\States</Filter>
    </ClInclude>
    <ClInclude Include="EndState.h">
      <Filter>Header Files\States</Filter>
    </ClInclude>
    <ClInclude Include="ECS.h">
      <Filter>Header Files\ECS</Filter>
    </ClInclude>
    <ClInclude Include="ActiveComponent.h">
      <Filter>Header Files\Components</Filter>
    </ClInclude>
    <ClInclude Include="HighScoreState.h">
      <Filter>Header Files\States</Filter>
    </ClInclude>
    <ClInclude Include="HostSearchState.h">
      <Filter>Header Files\States</Filter>
    </ClInclude>
    <ClInclude Include="FSM.h">
      <Filter>Header Files\PlayerFSM</Filter>
    </ClInclude>
    <ClInclude Include="FiniteState.h">
      <Filter>Header Files\PlayerFSM</Filter>
    </ClInclude>
    <ClInclude Include="Idle.h">
      <Filter>Header Files\PlayerFSM</Filter>
    </ClInclude>
    <ClInclude Include="SkillOne.h">
      <Filter>Header Files\PlayerFSM</Filter>
    </ClInclude>
    <ClInclude Include="SkillThree.h">
      <Filter>Header Files\PlayerFSM</Filter>
    </ClInclude>
    <ClInclude Include="SkillTwo.h">
      <Filter>Header Files\PlayerFSM</Filter>
    </ClInclude>
    <ClInclude Include="Walking.h">
      <Filter>Header Files\PlayerFSM</Filter>
    </ClInclude>
    <ClInclude Include="BehaviourComponent.h">
      <Filter>Header Files\Components</Filter>
    </ClInclude>
    <ClInclude Include="ItemComponent.h">
      <Filter>Header Files\Components</Filter>
    </ClInclude>
    <ClInclude Include="RenderSystem.h">
      <Filter>Header Files\Systems</Filter>
    </ClInclude>
    <ClInclude Include="EnemyEasy.h">
      <Filter>Header Files\Enemies</Filter>
    </ClInclude>
    <ClInclude Include="EnemyHard.h">
      <Filter>Header Files\Enemies</Filter>
    </ClInclude>
    <ClInclude Include="EnemyMedium.h">
      <Filter>Header Files\Enemies</Filter>
    </ClInclude>
    <ClInclude Include="FactoryEnemy.h">
      <Filter>Header Files\Enemies</Filter>
    </ClInclude>
    <ClInclude Include="IEnemy.h">
      <Filter>Header Files\Enemies</Filter>
    </ClInclude>
    <ClInclude Include="IPlayer.h">
      <Filter>Header Files\Classes + Player</Filter>
    </ClInclude>
    <ClInclude Include="Mage.h">
      <Filter>Header Files\Classes + Player</Filter>
    </ClInclude>
    <ClInclude Include="Knight.h">
      <Filter>Header Files\Classes + Player</Filter>
    </ClInclude>
    <ClInclude Include="Warrior.h">
      <Filter>Header Files\Classes + Player</Filter>
    </ClInclude>
    <ClInclude Include="FactoryPlayer.h">
      <Filter>Header Files\Classes + Player</Filter>
    </ClInclude>
    <ClInclude Include="Tile.h">
      <Filter>Header Files\Map</Filter>
    </ClInclude>
    <ClInclude Include="Room.h">
      <Filter>Header Files\Map</Filter>
    </ClInclude>
    <ClInclude Include="Map.h">
      <Filter>Header Files\Map</Filter>
    </ClInclude>
    <ClInclude Include="Server.h">
      <Filter>Header Files\Networking</Filter>
    </ClInclude>
    <ClInclude Include="Client.h">
      <Filter>Header Files\Networking</Filter>
    </ClInclude>
    <ClInclude Include="HUD.h">
      <Filter>Header Files\UI</Filter>
    </ClInclude>
    <ClInclude Include="Audio.h">
      <Filter>Header Files\Other Systems</Filter>
    </ClInclude>
    <ClInclude Include="Data.h">
      <Filter>Header Files\Other Systems</Filter>
    </ClInclude>
    <ClInclude Include="LevelLoader.h">
      <Filter>Header Files\Other Systems</Filter>
    </ClInclude>
    <ClInclude Include="Particle.h">
      <Filter>Header Files\Other Systems</Filter>
    </ClInclude>
    <ClInclude Include="ParticleSystem.h">
      <Filter>Header Files\Other Systems</Filter>
    </ClInclude>
    <ClInclude Include="Renderer.h">
      <Filter>Header Files\Other Systems</Filter>
    </ClInclude>
    <ClInclude Include="ItemComponent.h">
      <Filter>Header Files\Components</Filter>
    </ClInclude>
    <ClInclude Include="Pickup.h">
      <Filter>Header Files\In-game objects</Filter>
    </ClInclude>
    <ClInclude Include="Particle.h">
      <Filter>Header Files</Filter>
    </ClInclude>
    <ClInclude Include="ParticleSystem.h">
      <Filter>Header Files</Filter>
    </ClInclude>
    <ClInclude Include="Text.h">
      <Filter>Header Files\UI</Filter>
    </ClInclude>
    <ClInclude Include="Node.h">
      <Filter>Header Files\BT</Filter>
    </ClInclude>
    <ClInclude Include="CompositeNode.h">
      <Filter>Header Files\BT</Filter>
    </ClInclude>
    <ClInclude Include="Selector.h">
      <Filter>Header Files\BT</Filter>
    </ClInclude>
    <ClInclude Include="Sequence.h">
      <Filter>Header Files\BT</Filter>
    </ClInclude>
    <ClInclude Include="Root.h">
      <Filter>Header Files\BT</Filter>
    </ClInclude>
    <ClInclude Include="Action.h">
      <Filter>Header Files\BT</Filter>
    </ClInclude>
    <ClInclude Include="EnemyBehaviours.h">
      <Filter>Header Files\BT\Behaviours</Filter>
    </ClInclude>
    <ClInclude Include="BehaviourTreeSystem.h">
      <Filter>Header Files\BT\Behaviours</Filter>
    </ClInclude>
    <ClInclude Include="EnemyBoss.h">
      <Filter>Header Files\Enemies</Filter>
    </ClInclude>
    <ClInclude Include="AnimationSystem.h">
      <Filter>Header Files\Systems</Filter>
    </ClInclude>
  </ItemGroup>
  <ItemGroup>
    <Filter Include="Resource Files">
      <UniqueIdentifier>{33c71543-98c2-40bd-b7dd-1070343f9099}</UniqueIdentifier>
    </Filter>
    <Filter Include="Header Files">
      <UniqueIdentifier>{612fec7c-15c0-401d-95fe-32b613c718a4}</UniqueIdentifier>
    </Filter>
    <Filter Include="Source Files">
      <UniqueIdentifier>{a7ae93f1-c197-4e0e-a356-2d93cd4e8eec}</UniqueIdentifier>
    </Filter>
    <Filter Include="Header Files\Components">
      <UniqueIdentifier>{28364614-2dc2-4819-9fab-9c36014a927a}</UniqueIdentifier>
    </Filter>
    <Filter Include="Header Files\ECS">
      <UniqueIdentifier>{95128e96-a70c-410c-80e8-c17d139a9d88}</UniqueIdentifier>
    </Filter>
    <Filter Include="Header Files\States">
      <UniqueIdentifier>{9e3a012a-3bb3-4a0f-95f3-4f993f0a12af}</UniqueIdentifier>
    </Filter>
    <Filter Include="Source Files\Menu Components">
      <UniqueIdentifier>{6ded5f6f-e757-42eb-94e5-a8f3727ba461}</UniqueIdentifier>
    </Filter>
    <Filter Include="Source Files\States">
      <UniqueIdentifier>{de41d2c2-5649-4495-a758-f53bb06eca0a}</UniqueIdentifier>
    </Filter>
  </ItemGroup>
</Project>